{
  "name": "CHEDInventorySystem",
  "lockfileVersion": 3,
  "requires": true,
  "packages": {
    "": {
      "dependencies": {
        "ajax": "^0.0.4",
        "bootstrap": "^5.2.3",
        "bootstrap-icons": "^1.11.3",
        "datatables.net-bs5": "^2.0.0",
        "datatables.net-dt": "^2.0.0",
        "jquery": "^3.7.1",
        "sweetalert2": "^11.6.13"
      }
    },
    "node_modules/@popperjs/core": {
      "version": "2.11.8",
      "resolved": "https://registry.npmjs.org/@popperjs/core/-/core-2.11.8.tgz",
      "integrity": "sha512-P1st0aksCrn9sGZhp8GMYwBnQsbvAWsZAX44oXNNvLHGqAOcoVxmjZiohstwQ7SqKnbR47akdNi+uleWD8+g6A==",
      "peer": true,
      "funding": {
        "type": "opencollective",
        "url": "https://opencollective.com/popperjs"
      }
    },
    "node_modules/ajax": {
      "version": "0.0.4",
      "resolved": "https://registry.npmjs.org/ajax/-/ajax-0.0.4.tgz",
      "integrity": "sha512-IEgdnz67DKuv2i8AnytAYtD+sGNTpSlXcwQsZbKWVqdC/O7cuXN0GfwCuhi19fyhpD0Gl22T5amxd2unqj0FAQ==",
      "dependencies": {
        "underscore": ""
      },
      "engines": {
        "node": ">=0.4.0"
      }
    },
    "node_modules/bootstrap": {
      "version": "5.2.3",
      "resolved": "https://registry.npmjs.org/bootstrap/-/bootstrap-5.2.3.tgz",
      "integrity": "sha512-cEKPM+fwb3cT8NzQZYEu4HilJ3anCrWqh3CHAok1p9jXqMPsPTBhU25fBckEJHJ/p+tTxTFTsFQGM+gaHpi3QQ==",
      "funding": [
        {
          "type": "github",
          "url": "https://github.com/sponsors/twbs"
        },
        {
          "type": "opencollective",
          "url": "https://opencollective.com/bootstrap"
        }
      ],
      "peerDependencies": {
        "@popperjs/core": "^2.11.6"
      }
    },
    "node_modules/bootstrap-icons": {
      "version": "1.11.3",
      "resolved": "https://registry.npmjs.org/bootstrap-icons/-/bootstrap-icons-1.11.3.tgz",
      "integrity": "sha512-+3lpHrCw/it2/7lBL15VR0HEumaBss0+f/Lb6ZvHISn1mlK83jjFpooTLsMWbIjJMDjDjOExMsTxnXSIT4k4ww==",
      "funding": [
        {
          "type": "github",
          "url": "https://github.com/sponsors/twbs"
        },
        {
          "type": "opencollective",
          "url": "https://opencollective.com/bootstrap"
        }
      ]
    },
    "node_modules/datatables.net": {
      "version": "2.0.0",
      "resolved": "https://registry.npmjs.org/datatables.net/-/datatables.net-2.0.0.tgz",
      "integrity": "sha512-HKndZD/qHNZyAhAyC1Bs8S+H652HedZK76xYAjzXR3xDohvxomJ8iWevsoRV4MvHSPgx8GQl3PAdBNpUvn0xJg==",
      "dependencies": {
        "jquery": ">=1.7"
      }
    },
    "node_modules/datatables.net-bs5": {
      "version": "2.0.0",
      "resolved": "https://registry.npmjs.org/datatables.net-bs5/-/datatables.net-bs5-2.0.0.tgz",
      "integrity": "sha512-/Xx3zkMReK/o2a9lXM4hmUB76WesBV9pA+ps+ZvAipX3mBFqILc5rVmkgpDjkZHGzEKwlE46CAsREKqwaTvQnw==",
      "dependencies": {
        "datatables.net": "2.0.0",
        "jquery": ">=1.7"
      }
    },
    "node_modules/datatables.net-dt": {
      "version": "2.0.0",
      "resolved": "https://registry.npmjs.org/datatables.net-dt/-/datatables.net-dt-2.0.0.tgz",
      "integrity": "sha512-nagIToKl+RHWMmrqTZUj/0fvKNhZoKuA9L0pidiyaSTxlwh3hfXXZXPgnVAyN0y5OrZvhQrIo0G/3r1phFGpeg==",
      "dependencies": {
        "datatables.net": "2.0.0",
        "jquery": ">=1.7"
      }
    },
    "node_modules/jquery": {
      "version": "3.7.1",
      "resolved": "https://registry.npmjs.org/jquery/-/jquery-3.7.1.tgz",
      "integrity": "sha512-m4avr8yL8kmFN8psrbFFFmB/If14iN5o9nw/NgnnM+kybDJpRsAynV2BsfpTYrTRysYUdADVD7CkUUizgkpLfg=="
    },
    "node_modules/sweetalert2": {
      "version": "11.10.5",
      "resolved": "https://registry.npmjs.org/sweetalert2/-/sweetalert2-11.10.5.tgz",
      "integrity": "sha512-q9eE3EKhMcpIDU/Xcz7z5lk8axCGkgxwK47gXGrrfncnBJWxHPPHnBVAjfsVXcTt8Yi8U6HNEcBRSu+qGeyFdA==",
      "funding": {
        "type": "individual",
        "url": "https://github.com/sponsors/limonte"
      }
    },
    "node_modules/underscore": {
      "version": "1.13.6",
      "resolved": "https://registry.npmjs.org/underscore/-/underscore-1.13.6.tgz",
      "integrity": "sha512-+A5Sja4HP1M08MaXya7p5LvjuM7K6q/2EaC0+iovj/wOcMsTzMvDFbasi/oSapiwOlt252IqsKqPjCl7huKS0A=="
    }
  }
}
